
Microsoft Visual Studio Solution File, Format Version 12.00
# Visual Studio 15
Project("{FAE04EC0-301F-11D3-BF4B-00C04F79EFBC}") = "UnityEngine.TestRunner", "UnityEngine.TestRunner.csproj", "{C8579DD3-065A-3777-F25B-93B1417E1584}"
EndProject
Project("{FAE04EC0-301F-11D3-BF4B-00C04F79EFBC}") = "UnityEngine.UI", "UnityEngine.UI.csproj", "{1FA4E9A7-B959-F3DB-E171-78BD4ACFD285}"
EndProject
Project("{FAE04EC0-301F-11D3-BF4B-00C04F79EFBC}") = "Unity.VisualScripting.Flow", "Unity.VisualScripting.Flow.csproj", "{5BAEE829-1660-C772-3769-EB82AEC9FC0C}"
EndProject
Project("{FAE04EC0-301F-11D3-BF4B-00C04F79EFBC}") = "Unity.Services.Core.Telemetry", "Unity.Services.Core.Telemetry.csproj", "{47688C63-9EF9-6300-3EDF-4AB3A64DD2A6}"
EndProject
Project("{FAE04EC0-301F-11D3-BF4B-00C04F79EFBC}") = "Unity.VisualScripting.State", "Unity.VisualScripting.State.csproj", "{6B56CD2F-AA91-69D3-472D-9C1604BE40B4}"
EndProject
Project("{FAE04EC0-301F-11D3-BF4B-00C04F79EFBC}") = "Unity.VisualScripting.Core", "Unity.VisualScripting.Core.csproj", "{F69200D0-7C51-F412-5A8C-4C24EE5E5A53}"
EndProject
Project("{FAE04EC0-301F-11D3-BF4B-00C04F79EFBC}") = "Unity.Services.Core.Environments.Internal", "Unity.Services.Core.Environments.Internal.csproj", "{6A83CB63-5D98-B78E-3610-62E2FE461CEF}"
EndProject
Project("{FAE04EC0-301F-11D3-BF4B-00C04F79EFBC}") = "Unity.TextMeshPro", "Unity.TextMeshPro.csproj", "{5DA5B135-006C-2C03-02E5-2AAFE231A03D}"
EndProject
Project("{FAE04EC0-301F-11D3-BF4B-00C04F79EFBC}") = "Cinemachine", "Cinemachine.csproj", "{E99BFEFA-5C43-0374-069D-D18C8AE6F25E}"
EndProject
Project("{FAE04EC0-301F-11D3-BF4B-00C04F79EFBC}") = "Unity.Timeline", "Unity.Timeline.csproj", "{A02CD929-E3DC-97EC-FAB8-B6A42B2DABF6}"
EndProject
Project("{FAE04EC0-301F-11D3-BF4B-00C04F79EFBC}") = "Unity.Services.Core.Environments", "Unity.Services.Core.Environments.csproj", "{56045063-6EBA-9BAD-D1E4-85AE7CACC026}"
EndProject
Project("{FAE04EC0-301F-11D3-BF4B-00C04F79EFBC}") = "Unity.Services.Core.Internal", "Unity.Services.Core.Internal.csproj", "{44ECB026-78B0-90E3-FF95-BE52250DD014}"
EndProject
Project("{FAE04EC0-301F-11D3-BF4B-00C04F79EFBC}") = "Unity.Services.Core.Analytics", "Unity.Services.Core.Analytics.csproj", "{09A98755-514C-B9D2-A9D7-FBE7DF364C1A}"
EndProject
Project("{FAE04EC0-301F-11D3-BF4B-00C04F79EFBC}") = "Unity.Services.Core.Scheduler", "Unity.Services.Core.Scheduler.csproj", "{69665DCB-3B3A-8B86-8FC1-7F57F0174BC5}"
EndProject
Project("{FAE04EC0-301F-11D3-BF4B-00C04F79EFBC}") = "Unity.Services.Core.Registration", "Unity.Services.Core.Registration.csproj", "{DF886F6D-D90E-62BB-00B1-D69540A5A8ED}"
EndProject
Project("{FAE04EC0-301F-11D3-BF4B-00C04F79EFBC}") = "Unity.Services.Core.Device", "Unity.Services.Core.Device.csproj", "{F3BD4F34-0BC4-BFC2-57CA-BC8D6AB1C0CA}"
EndProject
Project("{FAE04EC0-301F-11D3-BF4B-00C04F79EFBC}") = "Unity.Services.Core.Threading", "Unity.Services.Core.Threading.csproj", "{500291A8-1B23-3756-3858-F7B8B849992C}"
EndProject
Project("{FAE04EC0-301F-11D3-BF4B-00C04F79EFBC}") = "Unity.Services.Core.Networking", "Unity.Services.Core.Networking.csproj", "{C4FAE277-4958-823E-D868-FC3BC38ADB9D}"
EndProject
Project("{FAE04EC0-301F-11D3-BF4B-00C04F79EFBC}") = "Unity.Services.Core", "Unity.Services.Core.csproj", "{C5B9C674-57CD-9907-D2FC-D065B85C0608}"
EndProject
Project("{FAE04EC0-301F-11D3-BF4B-00C04F79EFBC}") = "Assembly-CSharp", "Assembly-CSharp.csproj", "{0FB48730-735B-7151-022B-867DB8DC6701}"
EndProject
Project("{FAE04EC0-301F-11D3-BF4B-00C04F79EFBC}") = "Unity.Services.Core.Configuration", "Unity.Services.Core.Configuration.csproj", "{8AAE1D23-9AFF-F904-AF0D-7C1EF0E6B481}"
EndProject
Project("{FAE04EC0-301F-11D3-BF4B-00C04F79EFBC}") = "Unity.PlasticSCM.Editor", "Unity.PlasticSCM.Editor.csproj", "{57C45F62-75A4-4AD0-B597-D64443202717}"
EndProject
Project("{FAE04EC0-301F-11D3-BF4B-00C04F79EFBC}") = "Unity.VisualScripting.Core.Editor", "Unity.VisualScripting.Core.Editor.csproj", "{3D706C81-F478-5669-FB2D-D18D31114EA9}"
EndProject
Project("{FAE04EC0-301F-11D3-BF4B-00C04F79EFBC}") = "Unity.VisualScripting.Flow.Editor", "Unity.VisualScripting.Flow.Editor.csproj", "{3CC93EC9-F2CA-318C-AF8D-F43699F2989F}"
EndProject
Project("{FAE04EC0-301F-11D3-BF4B-00C04F79EFBC}") = "Unity.VisualStudio.Editor", "Unity.VisualStudio.Editor.csproj", "{6E7CCF53-31DA-48EF-711D-FFAE7491172B}"
EndProject
Project("{FAE04EC0-301F-11D3-BF4B-00C04F79EFBC}") = "Unity.Timeline.Editor", "Unity.Timeline.Editor.csproj", "{5E51691A-13FC-FD91-5DA9-0E67CA09FA0F}"
EndProject
Project("{FAE04EC0-301F-11D3-BF4B-00C04F79EFBC}") = "com.unity.cinemachine.editor", "com.unity.cinemachine.editor.csproj", "{707F8DF1-C1B9-FE56-3FC3-9245E574641A}"
EndProject
Project("{FAE04EC0-301F-11D3-BF4B-00C04F79EFBC}") = "Unity.VisualScripting.State.Editor", "Unity.VisualScripting.State.Editor.csproj", "{A88B8EC7-E840-51DA-5410-FD8D90BEEA29}"
EndProject
Project("{FAE04EC0-301F-11D3-BF4B-00C04F79EFBC}") = "Unity.TextMeshPro.Editor", "Unity.TextMeshPro.Editor.csproj", "{735DF10B-6328-EC77-3EFE-D7384488BF88}"
EndProject
Project("{FAE04EC0-301F-11D3-BF4B-00C04F79EFBC}") = "Unity.VisualScripting.SettingsProvider.Editor", "Unity.VisualScripting.SettingsProvider.Editor.csproj", "{13E4E33D-2013-967E-4EC1-51786E1B7DCD}"
EndProject
Project("{FAE04EC0-301F-11D3-BF4B-00C04F79EFBC}") = "Unity.CollabProxy.Editor", "Unity.CollabProxy.Editor.csproj", "{C95DCA0F-0A9A-699D-0381-134041E1FF6B}"
EndProject
Project("{FAE04EC0-301F-11D3-BF4B-00C04F79EFBC}") = "UnityEditor.TestRunner", "UnityEditor.TestRunner.csproj", "{235F09AA-BE01-8CBA-7290-E749D54A3B23}"
EndProject
Project("{FAE04EC0-301F-11D3-BF4B-00C04F79EFBC}") = "Unity.Services.Core.Editor", "Unity.Services.Core.Editor.csproj", "{FE8B8CE6-FD39-E681-1533-DAAA6B8696C8}"
EndProject
Project("{FAE04EC0-301F-11D3-BF4B-00C04F79EFBC}") = "Unity.TestTools.CodeCoverage.Editor", "Unity.TestTools.CodeCoverage.Editor.csproj", "{7839F9A8-4C78-FFEB-4EE7-799AAACC1931}"
EndProject
Project("{FAE04EC0-301F-11D3-BF4B-00C04F79EFBC}") = "Unity.Rider.Editor", "Unity.Rider.Editor.csproj", "{254FAFCD-BB07-29EA-BA8D-AC5E479F28DF}"
EndProject
Project("{FAE04EC0-301F-11D3-BF4B-00C04F79EFBC}") = "Unity.Performance.Profile-Analyzer.Editor", "Unity.Performance.Profile-Analyzer.Editor.csproj", "{C9287718-E603-BC6D-2269-FF82C80A261B}"
EndProject
Project("{FAE04EC0-301F-11D3-BF4B-00C04F79EFBC}") = "Unity.VSCode.Editor", "Unity.VSCode.Editor.csproj", "{09F02C81-8123-BCE8-AC1A-32675CC3C079}"
EndProject
Project("{FAE04EC0-301F-11D3-BF4B-00C04F79EFBC}") = "UnityEditor.UI", "UnityEditor.UI.csproj", "{A2F32354-96F9-20D8-FBD2-6A8A70759F61}"
EndProject
Project("{FAE04EC0-301F-11D3-BF4B-00C04F79EFBC}") = "Unity.TestTools.CodeCoverage.Editor.OpenCover.Model", "Unity.TestTools.CodeCoverage.Editor.OpenCover.Model.csproj", "{3B391C0A-2F41-362D-70A7-4CAACD5A34FD}"
EndProject
Project("{FAE04EC0-301F-11D3-BF4B-00C04F79EFBC}") = "Unity.EditorCoroutines.Editor", "Unity.EditorCoroutines.Editor.csproj", "{C84980A8-836E-3CCB-2C1A-A2C182EF14E7}"
EndProject
Project("{FAE04EC0-301F-11D3-BF4B-00C04F79EFBC}") = "Unity.Settings.Editor", "Unity.Settings.Editor.csproj", "{4FA2151A-A332-3466-C7BD-33B65EF65B85}"
EndProject
Project("{FAE04EC0-301F-11D3-BF4B-00C04F79EFBC}") = "Unity.Services.Core.Configuration.Editor", "Unity.Services.Core.Configuration.Editor.csproj", "{783B3C5B-D696-705D-32B4-8A930654BE9A}"
EndProject
Project("{FAE04EC0-301F-11D3-BF4B-00C04F79EFBC}") = "Unity.TestTools.CodeCoverage.Editor.OpenCover.Mono.Reflection", "Unity.TestTools.CodeCoverage.Editor.OpenCover.Mono.Reflection.csproj", "{F834F2A2-D245-C73F-006B-996B084929BE}"
EndProject
Project("{FAE04EC0-301F-11D3-BF4B-00C04F79EFBC}") = "Unity.VisualScripting.Shared.Editor", "Unity.VisualScripting.Shared.Editor.csproj", "{ECCA623C-C478-D04E-8D24-A9932560429E}"
EndProject
Project("{FAE04EC0-301F-11D3-BF4B-00C04F79EFBC}") = "Assembly-CSharp-Editor", "Assembly-CSharp-Editor.csproj", "{47443B3C-179D-A76F-028A-1F9FD968C472}"
EndProject
Project("{FAE04EC0-301F-11D3-BF4B-00C04F79EFBC}") = "UnityEngine.TestRunner", "UnityEngine.TestRunner.Player.csproj", "{744EC855-19C2-6697-B0E2-92DBBC07AF93}"
EndProject
Project("{FAE04EC0-301F-11D3-BF4B-00C04F79EFBC}") = "UnityEngine.UI", "UnityEngine.UI.Player.csproj", "{D629BEC7-43AB-DA53-40B2-6668F3EE427B}"
EndProject
Project("{FAE04EC0-301F-11D3-BF4B-00C04F79EFBC}") = "Unity.VisualScripting.Flow", "Unity.VisualScripting.Flow.Player.csproj", "{22114EFC-B7AD-0003-06AE-D35E98A9A817}"
EndProject
Project("{FAE04EC0-301F-11D3-BF4B-00C04F79EFBC}") = "Unity.Services.Core.Telemetry", "Unity.Services.Core.Telemetry.Player.csproj", "{F0AA31CA-3E43-9E54-9EA3-611E77B4B5C2}"
EndProject
Project("{FAE04EC0-301F-11D3-BF4B-00C04F79EFBC}") = "Unity.VisualScripting.State", "Unity.VisualScripting.State.Player.csproj", "{4B0D9E8A-F778-1456-8A69-4CC4F4276779}"
EndProject
Project("{FAE04EC0-301F-11D3-BF4B-00C04F79EFBC}") = "Unity.VisualScripting.Core", "Unity.VisualScripting.Core.Player.csproj", "{A0D876F8-A713-3F41-4FBD-82A3C167398D}"
EndProject
Project("{FAE04EC0-301F-11D3-BF4B-00C04F79EFBC}") = "Unity.Services.Core.Environments.Internal", "Unity.Services.Core.Environments.Internal.Player.csproj", "{FFC2BAC0-2357-ECB2-181D-214B1FEC3841}"
EndProject
Project("{FAE04EC0-301F-11D3-BF4B-00C04F79EFBC}") = "Unity.TextMeshPro", "Unity.TextMeshPro.Player.csproj", "{A6ED3A82-DC18-C302-AC3C-AC8A0FC533E9}"
EndProject
Project("{FAE04EC0-301F-11D3-BF4B-00C04F79EFBC}") = "Cinemachine", "Cinemachine.Player.csproj", "{43EA97D4-466E-C005-0E66-AF6388C738A1}"
EndProject
Project("{FAE04EC0-301F-11D3-BF4B-00C04F79EFBC}") = "Unity.Timeline", "Unity.Timeline.Player.csproj", "{1746663E-497A-EDD6-AB76-E58AFC45FE46}"
EndProject
Project("{FAE04EC0-301F-11D3-BF4B-00C04F79EFBC}") = "Unity.Services.Core.Environments", "Unity.Services.Core.Environments.Player.csproj", "{5EA7F623-7024-D909-4CD2-0A32FA787593}"
EndProject
Project("{FAE04EC0-301F-11D3-BF4B-00C04F79EFBC}") = "Unity.Services.Core.Internal", "Unity.Services.Core.Internal.Player.csproj", "{CE2A19C0-8433-C2B0-2EB5-50412F48E9F8}"
EndProject
Project("{FAE04EC0-301F-11D3-BF4B-00C04F79EFBC}") = "Unity.Services.Core.Analytics", "Unity.Services.Core.Analytics.Player.csproj", "{16B61749-4D3B-9366-3C6D-1E64A7581C13}"
EndProject
Project("{FAE04EC0-301F-11D3-BF4B-00C04F79EFBC}") = "Unity.Services.Core.Scheduler", "Unity.Services.Core.Scheduler.Player.csproj", "{D04609FC-6772-2EE0-DAA8-669DAD97EF9B}"
EndProject
Project("{FAE04EC0-301F-11D3-BF4B-00C04F79EFBC}") = "Unity.Services.Core.Registration", "Unity.Services.Core.Registration.Player.csproj", "{BB0C5214-491B-B4E0-B289-D6919B7DBC05}"
EndProject
Project("{FAE04EC0-301F-11D3-BF4B-00C04F79EFBC}") = "Unity.Services.Core.Device", "Unity.Services.Core.Device.Player.csproj", "{B2279392-77E6-C927-3C18-8874A680A3C8}"
EndProject
Project("{FAE04EC0-301F-11D3-BF4B-00C04F79EFBC}") = "Unity.Services.Core.Threading", "Unity.Services.Core.Threading.Player.csproj", "{941B96C2-DC32-EF32-9169-8168C2DBCD09}"
EndProject
Project("{FAE04EC0-301F-11D3-BF4B-00C04F79EFBC}") = "Unity.Services.Core.Networking", "Unity.Services.Core.Networking.Player.csproj", "{1EB6BCFB-DBD8-1999-166F-9231A4905059}"
EndProject
Project("{FAE04EC0-301F-11D3-BF4B-00C04F79EFBC}") = "Unity.Services.Core", "Unity.Services.Core.Player.csproj", "{9A97B603-01C9-D8DD-6190-38476501F8FA}"
EndProject
Project("{FAE04EC0-301F-11D3-BF4B-00C04F79EFBC}") = "Assembly-CSharp", "Assembly-CSharp.Player.csproj", "{6510B392-8B28-4EFE-698E-4EC5431AB9B4}"
EndProject
Project("{FAE04EC0-301F-11D3-BF4B-00C04F79EFBC}") = "Unity.Services.Core.Configuration", "Unity.Services.Core.Configuration.Player.csproj", "{168EF81B-59DF-F5C4-1658-48000B739E3B}"
EndProject
Global
	GlobalSection(SolutionConfigurationPlatforms) = preSolution
		Debug|Any CPU = Debug|Any CPU
		Release|Any CPU = Release|Any CPU
	EndGlobalSection
	GlobalSection(ProjectConfigurationPlatforms) = postSolution
		{C8579DD3-065A-3777-F25B-93B1417E1584}.Debug|Any CPU.ActiveCfg = Debug|Any CPU
		{C8579DD3-065A-3777-F25B-93B1417E1584}.Debug|Any CPU.Build.0 = Debug|Any CPU
		{C8579DD3-065A-3777-F25B-93B1417E1584}.Release|Any CPU.ActiveCfg = Release|Any CPU
		{C8579DD3-065A-3777-F25B-93B1417E1584}.Release|Any CPU.Build.0 = Release|Any CPU
		{1FA4E9A7-B959-F3DB-E171-78BD4ACFD285}.Debug|Any CPU.ActiveCfg = Debug|Any CPU
		{1FA4E9A7-B959-F3DB-E171-78BD4ACFD285}.Debug|Any CPU.Build.0 = Debug|Any CPU
		{1FA4E9A7-B959-F3DB-E171-78BD4ACFD285}.Release|Any CPU.ActiveCfg = Release|Any CPU
		{1FA4E9A7-B959-F3DB-E171-78BD4ACFD285}.Release|Any CPU.Build.0 = Release|Any CPU
		{5BAEE829-1660-C772-3769-EB82AEC9FC0C}.Debug|Any CPU.ActiveCfg = Debug|Any CPU
		{5BAEE829-1660-C772-3769-EB82AEC9FC0C}.Debug|Any CPU.Build.0 = Debug|Any CPU
		{5BAEE829-1660-C772-3769-EB82AEC9FC0C}.Release|Any CPU.ActiveCfg = Release|Any CPU
		{5BAEE829-1660-C772-3769-EB82AEC9FC0C}.Release|Any CPU.Build.0 = Release|Any CPU
		{47688C63-9EF9-6300-3EDF-4AB3A64DD2A6}.Debug|Any CPU.ActiveCfg = Debug|Any CPU
		{47688C63-9EF9-6300-3EDF-4AB3A64DD2A6}.Debug|Any CPU.Build.0 = Debug|Any CPU
		{47688C63-9EF9-6300-3EDF-4AB3A64DD2A6}.Release|Any CPU.ActiveCfg = Release|Any CPU
		{47688C63-9EF9-6300-3EDF-4AB3A64DD2A6}.Release|Any CPU.Build.0 = Release|Any CPU
		{6B56CD2F-AA91-69D3-472D-9C1604BE40B4}.Debug|Any CPU.ActiveCfg = Debug|Any CPU
		{6B56CD2F-AA91-69D3-472D-9C1604BE40B4}.Debug|Any CPU.Build.0 = Debug|Any CPU
		{6B56CD2F-AA91-69D3-472D-9C1604BE40B4}.Release|Any CPU.ActiveCfg = Release|Any CPU
		{6B56CD2F-AA91-69D3-472D-9C1604BE40B4}.Release|Any CPU.Build.0 = Release|Any CPU
		{F69200D0-7C51-F412-5A8C-4C24EE5E5A53}.Debug|Any CPU.ActiveCfg = Debug|Any CPU
		{F69200D0-7C51-F412-5A8C-4C24EE5E5A53}.Debug|Any CPU.Build.0 = Debug|Any CPU
		{F69200D0-7C51-F412-5A8C-4C24EE5E5A53}.Release|Any CPU.ActiveCfg = Release|Any CPU
		{F69200D0-7C51-F412-5A8C-4C24EE5E5A53}.Release|Any CPU.Build.0 = Release|Any CPU
		{6A83CB63-5D98-B78E-3610-62E2FE461CEF}.Debug|Any CPU.ActiveCfg = Debug|Any CPU
		{6A83CB63-5D98-B78E-3610-62E2FE461CEF}.Debug|Any CPU.Build.0 = Debug|Any CPU
		{6A83CB63-5D98-B78E-3610-62E2FE461CEF}.Release|Any CPU.ActiveCfg = Release|Any CPU
		{6A83CB63-5D98-B78E-3610-62E2FE461CEF}.Release|Any CPU.Build.0 = Release|Any CPU
		{5DA5B135-006C-2C03-02E5-2AAFE231A03D}.Debug|Any CPU.ActiveCfg = Debug|Any CPU
		{5DA5B135-006C-2C03-02E5-2AAFE231A03D}.Debug|Any CPU.Build.0 = Debug|Any CPU
		{5DA5B135-006C-2C03-02E5-2AAFE231A03D}.Release|Any CPU.ActiveCfg = Release|Any CPU
		{5DA5B135-006C-2C03-02E5-2AAFE231A03D}.Release|Any CPU.Build.0 = Release|Any CPU
		{E99BFEFA-5C43-0374-069D-D18C8AE6F25E}.Debug|Any CPU.ActiveCfg = Debug|Any CPU
		{E99BFEFA-5C43-0374-069D-D18C8AE6F25E}.Debug|Any CPU.Build.0 = Debug|Any CPU
		{E99BFEFA-5C43-0374-069D-D18C8AE6F25E}.Release|Any CPU.ActiveCfg = Release|Any CPU
		{E99BFEFA-5C43-0374-069D-D18C8AE6F25E}.Release|Any CPU.Build.0 = Release|Any CPU
		{A02CD929-E3DC-97EC-FAB8-B6A42B2DABF6}.Debug|Any CPU.ActiveCfg = Debug|Any CPU
		{A02CD929-E3DC-97EC-FAB8-B6A42B2DABF6}.Debug|Any CPU.Build.0 = Debug|Any CPU
		{A02CD929-E3DC-97EC-FAB8-B6A42B2DABF6}.Release|Any CPU.ActiveCfg = Release|Any CPU
		{A02CD929-E3DC-97EC-FAB8-B6A42B2DABF6}.Release|Any CPU.Build.0 = Release|Any CPU
		{56045063-6EBA-9BAD-D1E4-85AE7CACC026}.Debug|Any CPU.ActiveCfg = Debug|Any CPU
		{56045063-6EBA-9BAD-D1E4-85AE7CACC026}.Debug|Any CPU.Build.0 = Debug|Any CPU
		{56045063-6EBA-9BAD-D1E4-85AE7CACC026}.Release|Any CPU.ActiveCfg = Release|Any CPU
		{56045063-6EBA-9BAD-D1E4-85AE7CACC026}.Release|Any CPU.Build.0 = Release|Any CPU
		{44ECB026-78B0-90E3-FF95-BE52250DD014}.Debug|Any CPU.ActiveCfg = Debug|Any CPU
		{44ECB026-78B0-90E3-FF95-BE52250DD014}.Debug|Any CPU.Build.0 = Debug|Any CPU
		{44ECB026-78B0-90E3-FF95-BE52250DD014}.Release|Any CPU.ActiveCfg = Release|Any CPU
		{44ECB026-78B0-90E3-FF95-BE52250DD014}.Release|Any CPU.Build.0 = Release|Any CPU
		{09A98755-514C-B9D2-A9D7-FBE7DF364C1A}.Debug|Any CPU.ActiveCfg = Debug|Any CPU
		{09A98755-514C-B9D2-A9D7-FBE7DF364C1A}.Debug|Any CPU.Build.0 = Debug|Any CPU
		{09A98755-514C-B9D2-A9D7-FBE7DF364C1A}.Release|Any CPU.ActiveCfg = Release|Any CPU
		{09A98755-514C-B9D2-A9D7-FBE7DF364C1A}.Release|Any CPU.Build.0 = Release|Any CPU
		{69665DCB-3B3A-8B86-8FC1-7F57F0174BC5}.Debug|Any CPU.ActiveCfg = Debug|Any CPU
		{69665DCB-3B3A-8B86-8FC1-7F57F0174BC5}.Debug|Any CPU.Build.0 = Debug|Any CPU
		{69665DCB-3B3A-8B86-8FC1-7F57F0174BC5}.Release|Any CPU.ActiveCfg = Release|Any CPU
		{69665DCB-3B3A-8B86-8FC1-7F57F0174BC5}.Release|Any CPU.Build.0 = Release|Any CPU
		{DF886F6D-D90E-62BB-00B1-D69540A5A8ED}.Debug|Any CPU.ActiveCfg = Debug|Any CPU
		{DF886F6D-D90E-62BB-00B1-D69540A5A8ED}.Debug|Any CPU.Build.0 = Debug|Any CPU
		{DF886F6D-D90E-62BB-00B1-D69540A5A8ED}.Release|Any CPU.ActiveCfg = Release|Any CPU
		{DF886F6D-D90E-62BB-00B1-D69540A5A8ED}.Release|Any CPU.Build.0 = Release|Any CPU
		{F3BD4F34-0BC4-BFC2-57CA-BC8D6AB1C0CA}.Debug|Any CPU.ActiveCfg = Debug|Any CPU
		{F3BD4F34-0BC4-BFC2-57CA-BC8D6AB1C0CA}.Debug|Any CPU.Build.0 = Debug|Any CPU
		{F3BD4F34-0BC4-BFC2-57CA-BC8D6AB1C0CA}.Release|Any CPU.ActiveCfg = Release|Any CPU
		{F3BD4F34-0BC4-BFC2-57CA-BC8D6AB1C0CA}.Release|Any CPU.Build.0 = Release|Any CPU
		{500291A8-1B23-3756-3858-F7B8B849992C}.Debug|Any CPU.ActiveCfg = Debug|Any CPU
		{500291A8-1B23-3756-3858-F7B8B849992C}.Debug|Any CPU.Build.0 = Debug|Any CPU
		{500291A8-1B23-3756-3858-F7B8B849992C}.Release|Any CPU.ActiveCfg = Release|Any CPU
		{500291A8-1B23-3756-3858-F7B8B849992C}.Release|Any CPU.Build.0 = Release|Any CPU
		{C4FAE277-4958-823E-D868-FC3BC38ADB9D}.Debug|Any CPU.ActiveCfg = Debug|Any CPU
		{C4FAE277-4958-823E-D868-FC3BC38ADB9D}.Debug|Any CPU.Build.0 = Debug|Any CPU
		{C4FAE277-4958-823E-D868-FC3BC38ADB9D}.Release|Any CPU.ActiveCfg = Release|Any CPU
		{C4FAE277-4958-823E-D868-FC3BC38ADB9D}.Release|Any CPU.Build.0 = Release|Any CPU
		{C5B9C674-57CD-9907-D2FC-D065B85C0608}.Debug|Any CPU.ActiveCfg = Debug|Any CPU
		{C5B9C674-57CD-9907-D2FC-D065B85C0608}.Debug|Any CPU.Build.0 = Debug|Any CPU
		{C5B9C674-57CD-9907-D2FC-D065B85C0608}.Release|Any CPU.ActiveCfg = Release|Any CPU
		{C5B9C674-57CD-9907-D2FC-D065B85C0608}.Release|Any CPU.Build.0 = Release|Any CPU
		{0FB48730-735B-7151-022B-867DB8DC6701}.Debug|Any CPU.ActiveCfg = Debug|Any CPU
		{0FB48730-735B-7151-022B-867DB8DC6701}.Debug|Any CPU.Build.0 = Debug|Any CPU
		{0FB48730-735B-7151-022B-867DB8DC6701}.Release|Any CPU.ActiveCfg = Release|Any CPU
		{0FB48730-735B-7151-022B-867DB8DC6701}.Release|Any CPU.Build.0 = Release|Any CPU
		{8AAE1D23-9AFF-F904-AF0D-7C1EF0E6B481}.Debug|Any CPU.ActiveCfg = Debug|Any CPU
		{8AAE1D23-9AFF-F904-AF0D-7C1EF0E6B481}.Debug|Any CPU.Build.0 = Debug|Any CPU
		{8AAE1D23-9AFF-F904-AF0D-7C1EF0E6B481}.Release|Any CPU.ActiveCfg = Release|Any CPU
		{8AAE1D23-9AFF-F904-AF0D-7C1EF0E6B481}.Release|Any CPU.Build.0 = Release|Any CPU
		{57C45F62-75A4-4AD0-B597-D64443202717}.Debug|Any CPU.ActiveCfg = Debug|Any CPU
		{57C45F62-75A4-4AD0-B597-D64443202717}.Debug|Any CPU.Build.0 = Debug|Any CPU
		{57C45F62-75A4-4AD0-B597-D64443202717}.Release|Any CPU.ActiveCfg = Release|Any CPU
		{57C45F62-75A4-4AD0-B597-D64443202717}.Release|Any CPU.Build.0 = Release|Any CPU
		{3D706C81-F478-5669-FB2D-D18D31114EA9}.Debug|Any CPU.ActiveCfg = Debug|Any CPU
		{3D706C81-F478-5669-FB2D-D18D31114EA9}.Debug|Any CPU.Build.0 = Debug|Any CPU
		{3D706C81-F478-5669-FB2D-D18D31114EA9}.Release|Any CPU.ActiveCfg = Release|Any CPU
		{3D706C81-F478-5669-FB2D-D18D31114EA9}.Release|Any CPU.Build.0 = Release|Any CPU
		{3CC93EC9-F2CA-318C-AF8D-F43699F2989F}.Debug|Any CPU.ActiveCfg = Debug|Any CPU
		{3CC93EC9-F2CA-318C-AF8D-F43699F2989F}.Debug|Any CPU.Build.0 = Debug|Any CPU
		{3CC93EC9-F2CA-318C-AF8D-F43699F2989F}.Release|Any CPU.ActiveCfg = Release|Any CPU
		{3CC93EC9-F2CA-318C-AF8D-F43699F2989F}.Release|Any CPU.Build.0 = Release|Any CPU
		{6E7CCF53-31DA-48EF-711D-FFAE7491172B}.Debug|Any CPU.ActiveCfg = Debug|Any CPU
		{6E7CCF53-31DA-48EF-711D-FFAE7491172B}.Debug|Any CPU.Build.0 = Debug|Any CPU
		{6E7CCF53-31DA-48EF-711D-FFAE7491172B}.Release|Any CPU.ActiveCfg = Release|Any CPU
		{6E7CCF53-31DA-48EF-711D-FFAE7491172B}.Release|Any CPU.Build.0 = Release|Any CPU
		{5E51691A-13FC-FD91-5DA9-0E67CA09FA0F}.Debug|Any CPU.ActiveCfg = Debug|Any CPU
		{5E51691A-13FC-FD91-5DA9-0E67CA09FA0F}.Debug|Any CPU.Build.0 = Debug|Any CPU
		{5E51691A-13FC-FD91-5DA9-0E67CA09FA0F}.Release|Any CPU.ActiveCfg = Release|Any CPU
		{5E51691A-13FC-FD91-5DA9-0E67CA09FA0F}.Release|Any CPU.Build.0 = Release|Any CPU
		{707F8DF1-C1B9-FE56-3FC3-9245E574641A}.Debug|Any CPU.ActiveCfg = Debug|Any CPU
		{707F8DF1-C1B9-FE56-3FC3-9245E574641A}.Debug|Any CPU.Build.0 = Debug|Any CPU
		{707F8DF1-C1B9-FE56-3FC3-9245E574641A}.Release|Any CPU.ActiveCfg = Release|Any CPU
		{707F8DF1-C1B9-FE56-3FC3-9245E574641A}.Release|Any CPU.Build.0 = Release|Any CPU
		{A88B8EC7-E840-51DA-5410-FD8D90BEEA29}.Debug|Any CPU.ActiveCfg = Debug|Any CPU
		{A88B8EC7-E840-51DA-5410-FD8D90BEEA29}.Debug|Any CPU.Build.0 = Debug|Any CPU
		{A88B8EC7-E840-51DA-5410-FD8D90BEEA29}.Release|Any CPU.ActiveCfg = Release|Any CPU
		{A88B8EC7-E840-51DA-5410-FD8D90BEEA29}.Release|Any CPU.Build.0 = Release|Any CPU
		{735DF10B-6328-EC77-3EFE-D7384488BF88}.Debug|Any CPU.ActiveCfg = Debug|Any CPU
		{735DF10B-6328-EC77-3EFE-D7384488BF88}.Debug|Any CPU.Build.0 = Debug|Any CPU
		{735DF10B-6328-EC77-3EFE-D7384488BF88}.Release|Any CPU.ActiveCfg = Release|Any CPU
		{735DF10B-6328-EC77-3EFE-D7384488BF88}.Release|Any CPU.Build.0 = Release|Any CPU
		{13E4E33D-2013-967E-4EC1-51786E1B7DCD}.Debug|Any CPU.ActiveCfg = Debug|Any CPU
		{13E4E33D-2013-967E-4EC1-51786E1B7DCD}.Debug|Any CPU.Build.0 = Debug|Any CPU
		{13E4E33D-2013-967E-4EC1-51786E1B7DCD}.Release|Any CPU.ActiveCfg = Release|Any CPU
		{13E4E33D-2013-967E-4EC1-51786E1B7DCD}.Release|Any CPU.Build.0 = Release|Any CPU
		{C95DCA0F-0A9A-699D-0381-134041E1FF6B}.Debug|Any CPU.ActiveCfg = Debug|Any CPU
		{C95DCA0F-0A9A-699D-0381-134041E1FF6B}.Debug|Any CPU.Build.0 = Debug|Any CPU
		{C95DCA0F-0A9A-699D-0381-134041E1FF6B}.Release|Any CPU.ActiveCfg = Release|Any CPU
		{C95DCA0F-0A9A-699D-0381-134041E1FF6B}.Release|Any CPU.Build.0 = Release|Any CPU
		{235F09AA-BE01-8CBA-7290-E749D54A3B23}.Debug|Any CPU.ActiveCfg = Debug|Any CPU
		{235F09AA-BE01-8CBA-7290-E749D54A3B23}.Debug|Any CPU.Build.0 = Debug|Any CPU
		{235F09AA-BE01-8CBA-7290-E749D54A3B23}.Release|Any CPU.ActiveCfg = Release|Any CPU
		{235F09AA-BE01-8CBA-7290-E749D54A3B23}.Release|Any CPU.Build.0 = Release|Any CPU
		{FE8B8CE6-FD39-E681-1533-DAAA6B8696C8}.Debug|Any CPU.ActiveCfg = Debug|Any CPU
		{FE8B8CE6-FD39-E681-1533-DAAA6B8696C8}.Debug|Any CPU.Build.0 = Debug|Any CPU
		{FE8B8CE6-FD39-E681-1533-DAAA6B8696C8}.Release|Any CPU.ActiveCfg = Release|Any CPU
		{FE8B8CE6-FD39-E681-1533-DAAA6B8696C8}.Release|Any CPU.Build.0 = Release|Any CPU
		{7839F9A8-4C78-FFEB-4EE7-799AAACC1931}.Debug|Any CPU.ActiveCfg = Debug|Any CPU
		{7839F9A8-4C78-FFEB-4EE7-799AAACC1931}.Debug|Any CPU.Build.0 = Debug|Any CPU
		{7839F9A8-4C78-FFEB-4EE7-799AAACC1931}.Release|Any CPU.ActiveCfg = Release|Any CPU
		{7839F9A8-4C78-FFEB-4EE7-799AAACC1931}.Release|Any CPU.Build.0 = Release|Any CPU
		{254FAFCD-BB07-29EA-BA8D-AC5E479F28DF}.Debug|Any CPU.ActiveCfg = Debug|Any CPU
		{254FAFCD-BB07-29EA-BA8D-AC5E479F28DF}.Debug|Any CPU.Build.0 = Debug|Any CPU
		{254FAFCD-BB07-29EA-BA8D-AC5E479F28DF}.Release|Any CPU.ActiveCfg = Release|Any CPU
		{254FAFCD-BB07-29EA-BA8D-AC5E479F28DF}.Release|Any CPU.Build.0 = Release|Any CPU
		{C9287718-E603-BC6D-2269-FF82C80A261B}.Debug|Any CPU.ActiveCfg = Debug|Any CPU
		{C9287718-E603-BC6D-2269-FF82C80A261B}.Debug|Any CPU.Build.0 = Debug|Any CPU
		{C9287718-E603-BC6D-2269-FF82C80A261B}.Release|Any CPU.ActiveCfg = Release|Any CPU
		{C9287718-E603-BC6D-2269-FF82C80A261B}.Release|Any CPU.Build.0 = Release|Any CPU
		{09F02C81-8123-BCE8-AC1A-32675CC3C079}.Debug|Any CPU.ActiveCfg = Debug|Any CPU
		{09F02C81-8123-BCE8-AC1A-32675CC3C079}.Debug|Any CPU.Build.0 = Debug|Any CPU
		{09F02C81-8123-BCE8-AC1A-32675CC3C079}.Release|Any CPU.ActiveCfg = Release|Any CPU
		{09F02C81-8123-BCE8-AC1A-32675CC3C079}.Release|Any CPU.Build.0 = Release|Any CPU
		{A2F32354-96F9-20D8-FBD2-6A8A70759F61}.Debug|Any CPU.ActiveCfg = Debug|Any CPU
		{A2F32354-96F9-20D8-FBD2-6A8A70759F61}.Debug|Any CPU.Build.0 = Debug|Any CPU
		{A2F32354-96F9-20D8-FBD2-6A8A70759F61}.Release|Any CPU.ActiveCfg = Release|Any CPU
		{A2F32354-96F9-20D8-FBD2-6A8A70759F61}.Release|Any CPU.Build.0 = Release|Any CPU
		{3B391C0A-2F41-362D-70A7-4CAACD5A34FD}.Debug|Any CPU.ActiveCfg = Debug|Any CPU
		{3B391C0A-2F41-362D-70A7-4CAACD5A34FD}.Debug|Any CPU.Build.0 = Debug|Any CPU
		{3B391C0A-2F41-362D-70A7-4CAACD5A34FD}.Release|Any CPU.ActiveCfg = Release|Any CPU
		{3B391C0A-2F41-362D-70A7-4CAACD5A34FD}.Release|Any CPU.Build.0 = Release|Any CPU
		{C84980A8-836E-3CCB-2C1A-A2C182EF14E7}.Debug|Any CPU.ActiveCfg = Debug|Any CPU
		{C84980A8-836E-3CCB-2C1A-A2C182EF14E7}.Debug|Any CPU.Build.0 = Debug|Any CPU
		{C84980A8-836E-3CCB-2C1A-A2C182EF14E7}.Release|Any CPU.ActiveCfg = Release|Any CPU
		{C84980A8-836E-3CCB-2C1A-A2C182EF14E7}.Release|Any CPU.Build.0 = Release|Any CPU
		{4FA2151A-A332-3466-C7BD-33B65EF65B85}.Debug|Any CPU.ActiveCfg = Debug|Any CPU
		{4FA2151A-A332-3466-C7BD-33B65EF65B85}.Debug|Any CPU.Build.0 = Debug|Any CPU
		{4FA2151A-A332-3466-C7BD-33B65EF65B85}.Release|Any CPU.ActiveCfg = Release|Any CPU
		{4FA2151A-A332-3466-C7BD-33B65EF65B85}.Release|Any CPU.Build.0 = Release|Any CPU
		{783B3C5B-D696-705D-32B4-8A930654BE9A}.Debug|Any CPU.ActiveCfg = Debug|Any CPU
		{783B3C5B-D696-705D-32B4-8A930654BE9A}.Debug|Any CPU.Build.0 = Debug|Any CPU
		{783B3C5B-D696-705D-32B4-8A930654BE9A}.Release|Any CPU.ActiveCfg = Release|Any CPU
		{783B3C5B-D696-705D-32B4-8A930654BE9A}.Release|Any CPU.Build.0 = Release|Any CPU
		{F834F2A2-D245-C73F-006B-996B084929BE}.Debug|Any CPU.ActiveCfg = Debug|Any CPU
		{F834F2A2-D245-C73F-006B-996B084929BE}.Debug|Any CPU.Build.0 = Debug|Any CPU
		{F834F2A2-D245-C73F-006B-996B084929BE}.Release|Any CPU.ActiveCfg = Release|Any CPU
		{F834F2A2-D245-C73F-006B-996B084929BE}.Release|Any CPU.Build.0 = Release|Any CPU
		{ECCA623C-C478-D04E-8D24-A9932560429E}.Debug|Any CPU.ActiveCfg = Debug|Any CPU
		{ECCA623C-C478-D04E-8D24-A9932560429E}.Debug|Any CPU.Build.0 = Debug|Any CPU
		{ECCA623C-C478-D04E-8D24-A9932560429E}.Release|Any CPU.ActiveCfg = Release|Any CPU
		{ECCA623C-C478-D04E-8D24-A9932560429E}.Release|Any CPU.Build.0 = Release|Any CPU
		{47443B3C-179D-A76F-028A-1F9FD968C472}.Debug|Any CPU.ActiveCfg = Debug|Any CPU
		{47443B3C-179D-A76F-028A-1F9FD968C472}.Debug|Any CPU.Build.0 = Debug|Any CPU
		{47443B3C-179D-A76F-028A-1F9FD968C472}.Release|Any CPU.ActiveCfg = Release|Any CPU
		{47443B3C-179D-A76F-028A-1F9FD968C472}.Release|Any CPU.Build.0 = Release|Any CPU
		{744EC855-19C2-6697-B0E2-92DBBC07AF93}.Debug|Any CPU.ActiveCfg = Debug|Any CPU
		{744EC855-19C2-6697-B0E2-92DBBC07AF93}.Debug|Any CPU.Build.0 = Debug|Any CPU
		{744EC855-19C2-6697-B0E2-92DBBC07AF93}.Release|Any CPU.ActiveCfg = Release|Any CPU
		{744EC855-19C2-6697-B0E2-92DBBC07AF93}.Release|Any CPU.Build.0 = Release|Any CPU
		{D629BEC7-43AB-DA53-40B2-6668F3EE427B}.Debug|Any CPU.ActiveCfg = Debug|Any CPU
		{D629BEC7-43AB-DA53-40B2-6668F3EE427B}.Debug|Any CPU.Build.0 = Debug|Any CPU
		{D629BEC7-43AB-DA53-40B2-6668F3EE427B}.Release|Any CPU.ActiveCfg = Release|Any CPU
		{D629BEC7-43AB-DA53-40B2-6668F3EE427B}.Release|Any CPU.Build.0 = Release|Any CPU
		{22114EFC-B7AD-0003-06AE-D35E98A9A817}.Debug|Any CPU.ActiveCfg = Debug|Any CPU
		{22114EFC-B7AD-0003-06AE-D35E98A9A817}.Debug|Any CPU.Build.0 = Debug|Any CPU
		{22114EFC-B7AD-0003-06AE-D35E98A9A817}.Release|Any CPU.ActiveCfg = Release|Any CPU
		{22114EFC-B7AD-0003-06AE-D35E98A9A817}.Release|Any CPU.Build.0 = Release|Any CPU
		{F0AA31CA-3E43-9E54-9EA3-611E77B4B5C2}.Debug|Any CPU.ActiveCfg = Debug|Any CPU
		{F0AA31CA-3E43-9E54-9EA3-611E77B4B5C2}.Debug|Any CPU.Build.0 = Debug|Any CPU
		{F0AA31CA-3E43-9E54-9EA3-611E77B4B5C2}.Release|Any CPU.ActiveCfg = Release|Any CPU
		{F0AA31CA-3E43-9E54-9EA3-611E77B4B5C2}.Release|Any CPU.Build.0 = Release|Any CPU
		{4B0D9E8A-F778-1456-8A69-4CC4F4276779}.Debug|Any CPU.ActiveCfg = Debug|Any CPU
		{4B0D9E8A-F778-1456-8A69-4CC4F4276779}.Debug|Any CPU.Build.0 = Debug|Any CPU
		{4B0D9E8A-F778-1456-8A69-4CC4F4276779}.Release|Any CPU.ActiveCfg = Release|Any CPU
		{4B0D9E8A-F778-1456-8A69-4CC4F4276779}.Release|Any CPU.Build.0 = Release|Any CPU
		{A0D876F8-A713-3F41-4FBD-82A3C167398D}.Debug|Any CPU.ActiveCfg = Debug|Any CPU
		{A0D876F8-A713-3F41-4FBD-82A3C167398D}.Debug|Any CPU.Build.0 = Debug|Any CPU
		{A0D876F8-A713-3F41-4FBD-82A3C167398D}.Release|Any CPU.ActiveCfg = Release|Any CPU
		{A0D876F8-A713-3F41-4FBD-82A3C167398D}.Release|Any CPU.Build.0 = Release|Any CPU
		{FFC2BAC0-2357-ECB2-181D-214B1FEC3841}.Debug|Any CPU.ActiveCfg = Debug|Any CPU
		{FFC2BAC0-2357-ECB2-181D-214B1FEC3841}.Debug|Any CPU.Build.0 = Debug|Any CPU
		{FFC2BAC0-2357-ECB2-181D-214B1FEC3841}.Release|Any CPU.ActiveCfg = Release|Any CPU
		{FFC2BAC0-2357-ECB2-181D-214B1FEC3841}.Release|Any CPU.Build.0 = Release|Any CPU
		{A6ED3A82-DC18-C302-AC3C-AC8A0FC533E9}.Debug|Any CPU.ActiveCfg = Debug|Any CPU
		{A6ED3A82-DC18-C302-AC3C-AC8A0FC533E9}.Debug|Any CPU.Build.0 = Debug|Any CPU
		{A6ED3A82-DC18-C302-AC3C-AC8A0FC533E9}.Release|Any CPU.ActiveCfg = Release|Any CPU
		{A6ED3A82-DC18-C302-AC3C-AC8A0FC533E9}.Release|Any CPU.Build.0 = Release|Any CPU
		{43EA97D4-466E-C005-0E66-AF6388C738A1}.Debug|Any CPU.ActiveCfg = Debug|Any CPU
		{43EA97D4-466E-C005-0E66-AF6388C738A1}.Debug|Any CPU.Build.0 = Debug|Any CPU
		{43EA97D4-466E-C005-0E66-AF6388C738A1}.Release|Any CPU.ActiveCfg = Release|Any CPU
		{43EA97D4-466E-C005-0E66-AF6388C738A1}.Release|Any CPU.Build.0 = Release|Any CPU
		{1746663E-497A-EDD6-AB76-E58AFC45FE46}.Debug|Any CPU.ActiveCfg = Debug|Any CPU
		{1746663E-497A-EDD6-AB76-E58AFC45FE46}.Debug|Any CPU.Build.0 = Debug|Any CPU
		{1746663E-497A-EDD6-AB76-E58AFC45FE46}.Release|Any CPU.ActiveCfg = Release|Any CPU
		{1746663E-497A-EDD6-AB76-E58AFC45FE46}.Release|Any CPU.Build.0 = Release|Any CPU
		{5EA7F623-7024-D909-4CD2-0A32FA787593}.Debug|Any CPU.ActiveCfg = Debug|Any CPU
		{5EA7F623-7024-D909-4CD2-0A32FA787593}.Debug|Any CPU.Build.0 = Debug|Any CPU
		{5EA7F623-7024-D909-4CD2-0A32FA787593}.Release|Any CPU.ActiveCfg = Release|Any CPU
		{5EA7F623-7024-D909-4CD2-0A32FA787593}.Release|Any CPU.Build.0 = Release|Any CPU
		{CE2A19C0-8433-C2B0-2EB5-50412F48E9F8}.Debug|Any CPU.ActiveCfg = Debug|Any CPU
		{CE2A19C0-8433-C2B0-2EB5-50412F48E9F8}.Debug|Any CPU.Build.0 = Debug|Any CPU
		{CE2A19C0-8433-C2B0-2EB5-50412F48E9F8}.Release|Any CPU.ActiveCfg = Release|Any CPU
		{CE2A19C0-8433-C2B0-2EB5-50412F48E9F8}.Release|Any CPU.Build.0 = Release|Any CPU
		{16B61749-4D3B-9366-3C6D-1E64A7581C13}.Debug|Any CPU.ActiveCfg = Debug|Any CPU
		{16B61749-4D3B-9366-3C6D-1E64A7581C13}.Debug|Any CPU.Build.0 = Debug|Any CPU
		{16B61749-4D3B-9366-3C6D-1E64A7581C13}.Release|Any CPU.ActiveCfg = Release|Any CPU
		{16B61749-4D3B-9366-3C6D-1E64A7581C13}.Release|Any CPU.Build.0 = Release|Any CPU
		{D04609FC-6772-2EE0-DAA8-669DAD97EF9B}.Debug|Any CPU.ActiveCfg = Debug|Any CPU
		{D04609FC-6772-2EE0-DAA8-669DAD97EF9B}.Debug|Any CPU.Build.0 = Debug|Any CPU
		{D04609FC-6772-2EE0-DAA8-669DAD97EF9B}.Release|Any CPU.ActiveCfg = Release|Any CPU
		{D04609FC-6772-2EE0-DAA8-669DAD97EF9B}.Release|Any CPU.Build.0 = Release|Any CPU
		{BB0C5214-491B-B4E0-B289-D6919B7DBC05}.Debug|Any CPU.ActiveCfg = Debug|Any CPU
		{BB0C5214-491B-B4E0-B289-D6919B7DBC05}.Debug|Any CPU.Build.0 = Debug|Any CPU
		{BB0C5214-491B-B4E0-B289-D6919B7DBC05}.Release|Any CPU.ActiveCfg = Release|Any CPU
		{BB0C5214-491B-B4E0-B289-D6919B7DBC05}.Release|Any CPU.Build.0 = Release|Any CPU
		{B2279392-77E6-C927-3C18-8874A680A3C8}.Debug|Any CPU.ActiveCfg = Debug|Any CPU
		{B2279392-77E6-C927-3C18-8874A680A3C8}.Debug|Any CPU.Build.0 = Debug|Any CPU
		{B2279392-77E6-C927-3C18-8874A680A3C8}.Release|Any CPU.ActiveCfg = Release|Any CPU
		{B2279392-77E6-C927-3C18-8874A680A3C8}.Release|Any CPU.Build.0 = Release|Any CPU
		{941B96C2-DC32-EF32-9169-8168C2DBCD09}.Debug|Any CPU.ActiveCfg = Debug|Any CPU
		{941B96C2-DC32-EF32-9169-8168C2DBCD09}.Debug|Any CPU.Build.0 = Debug|Any CPU
		{941B96C2-DC32-EF32-9169-8168C2DBCD09}.Release|Any CPU.ActiveCfg = Release|Any CPU
		{941B96C2-DC32-EF32-9169-8168C2DBCD09}.Release|Any CPU.Build.0 = Release|Any CPU
		{1EB6BCFB-DBD8-1999-166F-9231A4905059}.Debug|Any CPU.ActiveCfg = Debug|Any CPU
		{1EB6BCFB-DBD8-1999-166F-9231A4905059}.Debug|Any CPU.Build.0 = Debug|Any CPU
		{1EB6BCFB-DBD8-1999-166F-9231A4905059}.Release|Any CPU.ActiveCfg = Release|Any CPU
		{1EB6BCFB-DBD8-1999-166F-9231A4905059}.Release|Any CPU.Build.0 = Release|Any CPU
		{9A97B603-01C9-D8DD-6190-38476501F8FA}.Debug|Any CPU.ActiveCfg = Debug|Any CPU
		{9A97B603-01C9-D8DD-6190-38476501F8FA}.Debug|Any CPU.Build.0 = Debug|Any CPU
		{9A97B603-01C9-D8DD-6190-38476501F8FA}.Release|Any CPU.ActiveCfg = Release|Any CPU
		{9A97B603-01C9-D8DD-6190-38476501F8FA}.Release|Any CPU.Build.0 = Release|Any CPU
		{6510B392-8B28-4EFE-698E-4EC5431AB9B4}.Debug|Any CPU.ActiveCfg = Debug|Any CPU
		{6510B392-8B28-4EFE-698E-4EC5431AB9B4}.Debug|Any CPU.Build.0 = Debug|Any CPU
		{6510B392-8B28-4EFE-698E-4EC5431AB9B4}.Release|Any CPU.ActiveCfg = Release|Any CPU
		{6510B392-8B28-4EFE-698E-4EC5431AB9B4}.Release|Any CPU.Build.0 = Release|Any CPU
		{168EF81B-59DF-F5C4-1658-48000B739E3B}.Debug|Any CPU.ActiveCfg = Debug|Any CPU
		{168EF81B-59DF-F5C4-1658-48000B739E3B}.Debug|Any CPU.Build.0 = Debug|Any CPU
		{168EF81B-59DF-F5C4-1658-48000B739E3B}.Release|Any CPU.ActiveCfg = Release|Any CPU
		{168EF81B-59DF-F5C4-1658-48000B739E3B}.Release|Any CPU.Build.0 = Release|Any CPU
	EndGlobalSection
	GlobalSection(SolutionProperties) = preSolution
		HideSolutionNode = FALSE
	EndGlobalSection
EndGlobal
